// !$*UTF8*$!
{
	archiveVersion = 1;
	classes = {
	};
	objectVersion = 46;
	objects = {

/* Begin PBXBuildFile section */
		21FB79511E7754A2002EA35E /* AppDelegate.swift in Sources */ = {isa = PBXBuildFile; fileRef = 21FB79501E7754A2002EA35E /* AppDelegate.swift */; };
		21FB79531E7754A2002EA35E /* MainViewController.swift in Sources */ = {isa = PBXBuildFile; fileRef = 21FB79521E7754A2002EA35E /* MainViewController.swift */; };
		21FB79561E7754A2002EA35E /* Main.storyboard in Resources */ = {isa = PBXBuildFile; fileRef = 21FB79541E7754A2002EA35E /* Main.storyboard */; };
		21FB79581E7754A2002EA35E /* Assets.xcassets in Resources */ = {isa = PBXBuildFile; fileRef = 21FB79571E7754A2002EA35E /* Assets.xcassets */; };
		21FB795B1E7754A2002EA35E /* LaunchScreen.storyboard in Resources */ = {isa = PBXBuildFile; fileRef = 21FB79591E7754A2002EA35E /* LaunchScreen.storyboard */; };
		21FB79661E7754A2002EA35E /* aleApp1Tests.swift in Sources */ = {isa = PBXBuildFile; fileRef = 21FB79651E7754A2002EA35E /* aleApp1Tests.swift */; };
		21FB79711E7754A2002EA35E /* aleApp1UITests.swift in Sources */ = {isa = PBXBuildFile; fileRef = 21FB79701E7754A2002EA35E /* aleApp1UITests.swift */; };
		FE4F1ECE1E784B14002B1849 /* ModalViewController.swift in Sources */ = {isa = PBXBuildFile; fileRef = FE4F1ECD1E784B14002B1849 /* ModalViewController.swift */; };
/* End PBXBuildFile section */

/* Begin PBXContainerItemProxy section */
		21FB79621E7754A2002EA35E /* PBXContainerItemProxy */ = {
			isa = PBXContainerItemProxy;
			containerPortal = 21FB79451E7754A2002EA35E /* Project object */;
			proxyType = 1;
			remoteGlobalIDString = 21FB794C1E7754A2002EA35E;
			remoteInfo = aleApp1;
		};
		21FB796D1E7754A2002EA35E /* PBXContainerItemProxy */ = {
			isa = PBXContainerItemProxy;
			containerPortal = 21FB79451E7754A2002EA35E /* Project object */;
			proxyType = 1;
			remoteGlobalIDString = 21FB794C1E7754A2002EA35E;
			remoteInfo = aleApp1;
		};
/* End PBXContainerItemProxy section */

/* Begin PBXFileReference section */
		21FB794D1E7754A2002EA35E /* aleApp1.app */ = {isa = PBXFileReference; explicitFileType = wrapper.application; includeInIndex = 0; path = aleApp1.app; sourceTree = BUILT_PRODUCTS_DIR; };
		21FB79501E7754A2002EA35E /* AppDelegate.swift */ = {isa = PBXFileReference; lastKnownFileType = sourcecode.swift; path = AppDelegate.swift; sourceTree = "<group>"; };
		21FB79521E7754A2002EA35E /* MainViewController.swift */ = {isa = PBXFileReference; lastKnownFileType = sourcecode.swift; path = MainViewController.swift; sourceTree = "<group>"; };
		21FB79551E7754A2002EA35E /* Base */ = {isa = PBXFileReference; lastKnownFileType = file.storyboard; name = Base; path = Base.lproj/Main.storyboard; sourceTree = "<group>"; };
		21FB79571E7754A2002EA35E /* Assets.xcassets */ = {isa = PBXFileReference; lastKnownFileType = folder.assetcatalog; path = Assets.xcassets; sourceTree = "<group>"; };
		21FB795A1E7754A2002EA35E /* Base */ = {isa = PBXFileReference; lastKnownFileType = file.storyboard; name = Base; path = Base.lproj/LaunchScreen.storyboard; sourceTree = "<group>"; };
		21FB795C1E7754A2002EA35E /* Info.plist */ = {isa = PBXFileReference; lastKnownFileType = text.plist.xml; path = Info.plist; sourceTree = "<group>"; };
		21FB79611E7754A2002EA35E /* aleApp1Tests.xctest */ = {isa = PBXFileReference; explicitFileType = wrapper.cfbundle; includeInIndex = 0; path = aleApp1Tests.xctest; sourceTree = BUILT_PRODUCTS_DIR; };
		21FB79651E7754A2002EA35E /* aleApp1Tests.swift */ = {isa = PBXFileReference; lastKnownFileType = sourcecode.swift; path = aleApp1Tests.swift; sourceTree = "<group>"; };
		21FB79671E7754A2002EA35E /* Info.plist */ = {isa = PBXFileReference; lastKnownFileType = text.plist.xml; path = Info.plist; sourceTree = "<group>"; };
		21FB796C1E7754A2002EA35E /* aleApp1UITests.xctest */ = {isa = PBXFileReference; explicitFileType = wrapper.cfbundle; includeInIndex = 0; path = aleApp1UITests.xctest; sourceTree = BUILT_PRODUCTS_DIR; };
		21FB79701E7754A2002EA35E /* aleApp1UITests.swift */ = {isa = PBXFileReference; lastKnownFileType = sourcecode.swift; path = aleApp1UITests.swift; sourceTree = "<group>"; };
		21FB79721E7754A2002EA35E /* Info.plist */ = {isa = PBXFileReference; lastKnownFileType = text.plist.xml; path = Info.plist; sourceTree = "<group>"; };
		FE4F1ECD1E784B14002B1849 /* ModalViewController.swift */ = {isa = PBXFileReference; fileEncoding = 4; lastKnownFileType = sourcecode.swift; path = ModalViewController.swift; sourceTree = "<group>"; };
/* End PBXFileReference section */

/* Begin PBXFrameworksBuildPhase section */
		21FB794A1E7754A2002EA35E /* Frameworks */ = {
			isa = PBXFrameworksBuildPhase;
			buildActionMask = 2147483647;
			files = (
			);
			runOnlyForDeploymentPostprocessing = 0;
		};
		21FB795E1E7754A2002EA35E /* Frameworks */ = {
			isa = PBXFrameworksBuildPhase;
			buildActionMask = 2147483647;
			files = (
			);
			runOnlyForDeploymentPostprocessing = 0;
		};
		21FB79691E7754A2002EA35E /* Frameworks */ = {
			isa = PBXFrameworksBuildPhase;
			buildActionMask = 2147483647;
			files = (
			);
			runOnlyForDeploymentPostprocessing = 0;
		};
/* End PBXFrameworksBuildPhase section */

/* Begin PBXGroup section */
		21FB79441E7754A2002EA35E = {
			isa = PBXGroup;
			children = (
				21FB794F1E7754A2002EA35E /* aleApp1 */,
				21FB79641E7754A2002EA35E /* aleApp1Tests */,
				21FB796F1E7754A2002EA35E /* aleApp1UITests */,
				21FB794E1E7754A2002EA35E /* Products */,
			);
			sourceTree = "<group>";
		};
		21FB794E1E7754A2002EA35E /* Products */ = {
			isa = PBXGroup;
			children = (
				21FB794D1E7754A2002EA35E /* aleApp1.app */,
				21FB79611E7754A2002EA35E /* aleApp1Tests.xctest */,
				21FB796C1E7754A2002EA35E /* aleApp1UITests.xctest */,
			);
			name = Products;
			sourceTree = "<group>";
		};
		21FB794F1E7754A2002EA35E /* aleApp1 */ = {
			isa = PBXGroup;
			children = (
				21FB79501E7754A2002EA35E /* AppDelegate.swift */,
				21FB79521E7754A2002EA35E /* MainViewController.swift */,
				21FB79541E7754A2002EA35E /* Main.storyboard */,
				21FB79571E7754A2002EA35E /* Assets.xcassets */,
				21FB79591E7754A2002EA35E /* LaunchScreen.storyboard */,
				21FB795C1E7754A2002EA35E /* Info.plist */,
				FE4F1ECD1E784B14002B1849 /* ModalViewController.swift */,
			);
			path = aleApp1;
			sourceTree = "<group>";
		};
		21FB79641E7754A2002EA35E /* aleApp1Tests */ = {
			isa = PBXGroup;
			children = (
				21FB79651E7754A2002EA35E /* aleApp1Tests.swift */,
				21FB79671E7754A2002EA35E /* Info.plist */,
			);
			path = aleApp1Tests;
			sourceTree = "<group>";
		};
		21FB796F1E7754A2002EA35E /* aleApp1UITests */ = {
			isa = PBXGroup;
			children = (
				21FB79701E7754A2002EA35E /* aleApp1UITests.swift */,
				21FB79721E7754A2002EA35E /* Info.plist */,
			);
			path = aleApp1UITests;
			sourceTree = "<group>";
		};
/* End PBXGroup section */

/* Begin PBXNativeTarget section */
		21FB794C1E7754A2002EA35E /* aleApp1 */ = {
			isa = PBXNativeTarget;
			buildConfigurationList = 21FB79751E7754A2002EA35E /* Build configuration list for PBXNativeTarget "aleApp1" */;
			buildPhases = (
				21FB79491E7754A2002EA35E /* Sources */,
				21FB794A1E7754A2002EA35E /* Frameworks */,
				21FB794B1E7754A2002EA35E /* Resources */,
			);
			buildRules = (
			);
			dependencies = (
			);
			name = aleApp1;
			productName = aleApp1;
			productReference = 21FB794D1E7754A2002EA35E /* aleApp1.app */;
			productType = "com.apple.product-type.application";
		};
		21FB79601E7754A2002EA35E /* aleApp1Tests */ = {
			isa = PBXNativeTarget;
			buildConfigurationList = 21FB79781E7754A2002EA35E /* Build configuration list for PBXNativeTarget "aleApp1Tests" */;
			buildPhases = (
				21FB795D1E7754A2002EA35E /* Sources */,
				21FB795E1E7754A2002EA35E /* Frameworks */,
				21FB795F1E7754A2002EA35E /* Resources */,
			);
			buildRules = (
			);
			dependencies = (
				21FB79631E7754A2002EA35E /* PBXTargetDependency */,
			);
			name = aleApp1Tests;
			productName = aleApp1Tests;
			productReference = 21FB79611E7754A2002EA35E /* aleApp1Tests.xctest */;
			productType = "com.apple.product-type.bundle.unit-test";
		};
		21FB796B1E7754A2002EA35E /* aleApp1UITests */ = {
			isa = PBXNativeTarget;
			buildConfigurationList = 21FB797B1E7754A2002EA35E /* Build configuration list for PBXNativeTarget "aleApp1UITests" */;
			buildPhases = (
				21FB79681E7754A2002EA35E /* Sources */,
				21FB79691E7754A2002EA35E /* Frameworks */,
				21FB796A1E7754A2002EA35E /* Resources */,
			);
			buildRules = (
			);
			dependencies = (
				21FB796E1E7754A2002EA35E /* PBXTargetDependency */,
			);
			name = aleApp1UITests;
			productName = aleApp1UITests;
			productReference = 21FB796C1E7754A2002EA35E /* aleApp1UITests.xctest */;
			productType = "com.apple.product-type.bundle.ui-testing";
		};
/* End PBXNativeTarget section */

/* Begin PBXProject section */
		21FB79451E7754A2002EA35E /* Project object */ = {
			isa = PBXProject;
			attributes = {
				LastSwiftUpdateCheck = 0820;
				LastUpgradeCheck = 0820;
				ORGANIZATIONNAME = Gustavo;
				TargetAttributes = {
					21FB794C1E7754A2002EA35E = {
						CreatedOnToolsVersion = 8.2.1;
						ProvisioningStyle = Automatic;
					};
					21FB79601E7754A2002EA35E = {
						CreatedOnToolsVersion = 8.2.1;
						ProvisioningStyle = Automatic;
						TestTargetID = 21FB794C1E7754A2002EA35E;
					};
					21FB796B1E7754A2002EA35E = {
						CreatedOnToolsVersion = 8.2.1;
						ProvisioningStyle = Automatic;
						TestTargetID = 21FB794C1E7754A2002EA35E;
					};
				};
			};
			buildConfigurationList = 21FB79481E7754A2002EA35E /* Build configuration list for PBXProject "aleApp1" */;
			compatibilityVersion = "Xcode 3.2";
			developmentRegion = English;
			hasScannedForEncodings = 0;
			knownRegions = (
				en,
				Base,
			);
			mainGroup = 21FB79441E7754A2002EA35E;
			productRefGroup = 21FB794E1E7754A2002EA35E /* Products */;
			projectDirPath = "";
			projectRoot = "";
			targets = (
				21FB794C1E7754A2002EA35E /* aleApp1 */,
				21FB79601E7754A2002EA35E /* aleApp1Tests */,
				21FB796B1E7754A2002EA35E /* aleApp1UITests */,
			);
		};
/* End PBXProject section */

/* Begin PBXResourcesBuildPhase section */
		21FB794B1E7754A2002EA35E /* Resources */ = {
			isa = PBXResourcesBuildPhase;
			buildActionMask = 2147483647;
			files = (
				21FB795B1E7754A2002EA35E /* LaunchScreen.storyboard in Resources */,
				21FB79581E7754A2002EA35E /* Assets.xcassets in Resources */,
				21FB79561E7754A2002EA35E /* Main.storyboard in Resources */,
			);
			runOnlyForDeploymentPostprocessing = 0;
		};
		21FB795F1E7754A2002EA35E /* Resources */ = {
			isa = PBXResourcesBuildPhase;
			buildActionMask = 2147483647;
			files = (
			);
			runOnlyForDeploymentPostprocessing = 0;
		};
		21FB796A1E7754A2002EA35E /* Resources */ = {
			isa = PBXResourcesBuildPhase;
			buildActionMask = 2147483647;
			files = (
			);
			runOnlyForDeploymentPostprocessing = 0;
		};
/* End PBXResourcesBuildPhase section */

/* Begin PBXSourcesBuildPhase section */
		21FB79491E7754A2002EA35E /* Sources */ = {
			isa = PBXSourcesBuildPhase;
			buildActionMask = 2147483647;
			files = (
				21FB79531E7754A2002EA35E /* MainViewController.swift in Sources */,
				FE4F1ECE1E784B14002B1849 /* ModalViewController.swift in Sources */,
				21FB79511E7754A2002EA35E /* AppDelegate.swift in Sources */,
			);
			runOnlyForDeploymentPostprocessing = 0;
		};
		21FB795D1E7754A2002EA35E /* Sources */ = {
			isa = PBXSourcesBuildPhase;
			buildActionMask = 2147483647;
			files = (
				21FB79661E7754A2002EA35E /* aleApp1Tests.swift in Sources */,
			);
			runOnlyForDeploymentPostprocessing = 0;
		};
		21FB79681E7754A2002EA35E /* Sources */ = {
			isa = PBXSourcesBuildPhase;
			buildActionMask = 2147483647;
			files = (
				21FB79711E7754A2002EA35E /* aleApp1UITests.swift in Sources */,
			);
			runOnlyForDeploymentPostprocessing = 0;
		};
/* End PBXSourcesBuildPhase section */

/* Begin PBXTargetDependency section */
		21FB79631E7754A2002EA35E /* PBXTargetDependency */ = {
			isa = PBXTargetDependency;
			target = 21FB794C1E7754A2002EA35E /* aleApp1 */;
			targetProxy = 21FB79621E7754A2002EA35E /* PBXContainerItemProxy */;
		};
		21FB796E1E7754A2002EA35E /* PBXTargetDependency */ = {
			isa = PBXTargetDependency;
			target = 21FB794C1E7754A2002EA35E /* aleApp1 */;
			targetProxy = 21FB796D1E7754A2002EA35E /* PBXContainerItemProxy */;
		};
/* End PBXTargetDependency section */

/* Begin PBXVariantGroup section */
		21FB79541E7754A2002EA35E /* Main.storyboard */ = {
			isa = PBXVariantGroup;
			children = (
				21FB79551E7754A2002EA35E /* Base */,
			);
			name = Main.storyboard;
			sourceTree = "<group>";
		};
		21FB79591E7754A2002EA35E /* LaunchScreen.storyboard */ = {
			isa = PBXVariantGroup;
			children = (
				21FB795A1E7754A2002EA35E /* Base */,
			);
			name = LaunchScreen.storyboard;
			sourceTree = "<group>";
		};
/* End PBXVariantGroup section */

/* Begin XCBuildConfiguration section */
		21FB79731E7754A2002EA35E /* Debug */ = {
			isa = XCBuildConfiguration;
			buildSettings = {
				ALWAYS_SEARCH_USER_PATHS = NO;
				CLANG_ANALYZER_NONNULL = YES;
				CLANG_CXX_LANGUAGE_STANDARD = "gnu++0x";
				CLANG_CXX_LIBRARY = "libc++";
				CLANG_ENABLE_MODULES = YES;
				CLANG_ENABLE_OBJC_ARC = YES;
				CLANG_WARN_BOOL_CONVERSION = YES;
				CLANG_WARN_CONSTANT_CONVERSION = YES;
				CLANG_WARN_DIRECT_OBJC_ISA_USAGE = YES_ERROR;
				CLANG_WARN_DOCUMENTATION_COMMENTS = YES;
				CLANG_WARN_EMPTY_BODY = YES;
				CLANG_WARN_ENUM_CONVERSION = YES;
				CLANG_WARN_INFINITE_RECURSION = YES;
				CLANG_WARN_INT_CONVERSION = YES;
				CLANG_WARN_OBJC_ROOT_CLASS = YES_ERROR;
				CLANG_WARN_SUSPICIOUS_MOVE = YES;
				CLANG_WARN_UNREACHABLE_CODE = YES;
				CLANG_WARN__DUPLICATE_METHOD_MATCH = YES;
				"CODE_SIGN_IDENTITY[sdk=iphoneos*]" = "iPhone Developer";
				COPY_PHASE_STRIP = NO;
				DEBUG_INFORMATION_FORMAT = dwarf;
				ENABLE_STRICT_OBJC_MSGSEND = YES;
				ENABLE_TESTABILITY = YES;
				GCC_C_LANGUAGE_STANDARD = gnu99;
				GCC_DYNAMIC_NO_PIC = NO;
				GCC_NO_COMMON_BLOCKS = YES;
				GCC_OPTIMIZATION_LEVEL = 0;
				GCC_PREPROCESSOR_DEFINITIONS = (
					"DEBUG=1",
					"$(inherited)",
				);
				GCC_WARN_64_TO_32_BIT_CONVERSION = YES;
				GCC_WARN_ABOUT_RETURN_TYPE = YES_ERROR;
				GCC_WARN_UNDECLARED_SELECTOR = YES;
				GCC_WARN_UNINITIALIZED_AUTOS = YES_AGGRESSIVE;
				GCC_WARN_UNUSED_FUNCTION = YES;
				GCC_WARN_UNUSED_VARIABLE = YES;
				IPHONEOS_DEPLOYMENT_TARGET = 10.2;
				MTL_ENABLE_DEBUG_INFO = YES;
				ONLY_ACTIVE_ARCH = YES;
				SDKROOT = iphoneos;
				SWIFT_ACTIVE_COMPILATION_CONDITIONS = DEBUG;
				SWIFT_OPTIMIZATION_LEVEL = "-Onone";
				TARGETED_DEVICE_FAMILY = "1,2";
			};
			name = Debug;
		};
		21FB79741E7754A2002EA35E /* Release */ = {
			isa = XCBuildConfiguration;
			buildSettings = {
				ALWAYS_SEARCH_USER_PATHS = NO;
				CLANG_ANALYZER_NONNULL = YES;
				CLANG_CXX_LANGUAGE_STANDARD = "gnu++0x";
				CLANG_CXX_LIBRARY = "libc++";
				CLANG_ENABLE_MODULES = YES;
				CLANG_ENABLE_OBJC_ARC = YES;
				CLANG_WARN_BOOL_CONVERSION = YES;
				CLANG_WARN_CONSTANT_CONVERSION = YES;
				CLANG_WARN_DIRECT_OBJC_ISA_USAGE = YES_ERROR;
				CLANG_WARN_DOCUMENTATION_COMMENTS = YES;
				CLANG_WARN_EMPTY_BODY = YES;
				CLANG_WARN_ENUM_CONVERSION = YES;
				CLANG_WARN_INFINITE_RECURSION = YES;
				CLANG_WARN_INT_CONVERSION = YES;
				CLANG_WARN_OBJC_ROOT_CLASS = YES_ERROR;
				CLANG_WARN_SUSPICIOUS_MOVE = YES;
				CLANG_WARN_UNREACHABLE_CODE = YES;
				CLANG_WARN__DUPLICATE_METHOD_MATCH = YES;
				"CODE_SIGN_IDENTITY[sdk=iphoneos*]" = "iPhone Developer";
				COPY_PHASE_STRIP = NO;
				DEBUG_INFORMATION_FORMAT = "dwarf-with-dsym";
				ENABLE_NS_ASSERTIONS = NO;
				ENABLE_STRICT_OBJC_MSGSEND = YES;
				GCC_C_LANGUAGE_STANDARD = gnu99;
				GCC_NO_COMMON_BLOCKS = YES;
				GCC_WARN_64_TO_32_BIT_CONVERSION = YES;
				GCC_WARN_ABOUT_RETURN_TYPE = YES_ERROR;
				GCC_WARN_UNDECLARED_SELECTOR = YES;
				GCC_WARN_UNINITIALIZED_AUTOS = YES_AGGRESSIVE;
				GCC_WARN_UNUSED_FUNCTION = YES;
				GCC_WARN_UNUSED_VARIABLE = YES;
				IPHONEOS_DEPLOYMENT_TARGET = 10.2;
				MTL_ENABLE_DEBUG_INFO = NO;
				SDKROOT = iphoneos;
				SWIFT_OPTIMIZATION_LEVEL = "-Owholemodule";
				TARGETED_DEVICE_FAMILY = "1,2";
				VALIDATE_PRODUCT = YES;
			};
			name = Release;
		};
		21FB79761E7754A2002EA35E /* Debug */ = {
			isa = XCBuildConfiguration;
			buildSettings = {
				ASSETCATALOG_COMPILER_APPICON_NAME = AppIcon;
				INFOPLIST_FILE = aleApp1/Info.plist;
				LD_RUNPATH_SEARCH_PATHS = "$(inherited) @executable_path/Frameworks";
				PRODUCT_BUNDLE_IDENTIFIER = aleApp1.aleApp1;
				PRODUCT_NAME = "$(TARGET_NAME)";
				SWIFT_VERSION = 3.0;
			};
			name = Debug;
		};
		21FB79771E7754A2002EA35E /* Release */ = {
			isa = XCBuildConfiguration;
			buildSettings = {
				ASSETCATALOG_COMPILER_APPICON_NAME = AppIcon;
				INFOPLIST_FILE = aleApp1/Info.plist;
				LD_RUNPATH_SEARCH_PATHS = "$(inherited) @executable_path/Frameworks";
				PRODUCT_BUNDLE_IDENTIFIER = aleApp1.aleApp1;
				PRODUCT_NAME = "$(TARGET_NAME)";
				SWIFT_VERSION = 3.0;
			};
			name = Release;
		};
		21FB79791E7754A2002EA35E /* Debug */ = {
			isa = XCBuildConfiguration;
			buildSettings = {
				ALWAYS_EMBED_SWIFT_STANDARD_LIBRARIES = YES;
				BUNDLE_LOADER = "$(TEST_HOST)";
				INFOPLIST_FILE = aleApp1Tests/Info.plist;
				LD_RUNPATH_SEARCH_PATHS = "$(inherited) @executable_path/Frameworks @loader_path/Frameworks";
				PRODUCT_BUNDLE_IDENTIFIER = aleApp1.aleApp1Tests;
				PRODUCT_NAME = "$(TARGET_NAME)";
				SWIFT_VERSION = 3.0;
				TEST_HOST = "$(BUILT_PRODUCTS_DIR)/aleApp1.app/aleApp1";
			};
			name = Debug;
		};
		21FB797A1E7754A2002EA35E /* Release */ = {
			isa = XCBuildConfiguration;
			buildSettings = {
				ALWAYS_EMBED_SWIFT_STANDARD_LIBRARIES = YES;
				BUNDLE_LOADER = "$(TEST_HOST)";
				INFOPLIST_FILE = aleApp1Tests/Info.plist;
				LD_RUNPATH_SEARCH_PATHS = "$(inherited) @executable_path/Frameworks @loader_path/Frameworks";
				PRODUCT_BUNDLE_IDENTIFIER = aleApp1.aleApp1Tests;
				PRODUCT_NAME = "$(TARGET_NAME)";
				SWIFT_VERSION = 3.0;
				TEST_HOST = "$(BUILT_PRODUCTS_DIR)/aleApp1.app/aleApp1";
			};
			name = Release;
		};
		21FB797C1E7754A2002EA35E /* Debug */ = {
			isa = XCBuildConfiguration;
			buildSettings = {
				ALWAYS_EMBED_SWIFT_STANDARD_LIBRARIES = YES;
				INFOPLIST_FILE = aleApp1UITests/Info.plist;
				LD_RUNPATH_SEARCH_PATHS = "$(inherited) @executable_path/Frameworks @loader_path/Frameworks";
				PRODUCT_BUNDLE_IDENTIFIER = aleApp1.aleApp1UITests;
				PRODUCT_NAME = "$(TARGET_NAME)";
				SWIFT_VERSION = 3.0;
				TEST_TARGET_NAME = aleApp1;
			};
			name = Debug;
		};
		21FB797D1E7754A2002EA35E /* Release */ = {
			isa = XCBuildConfiguration;
			buildSettings = {
				ALWAYS_EMBED_SWIFT_STANDARD_LIBRARIES = YES;
				INFOPLIST_FILE = aleApp1UITests/Info.plist;
				LD_RUNPATH_SEARCH_PATHS = "$(inherited) @executable_path/Frameworks @loader_path/Frameworks";
				PRODUCT_BUNDLE_IDENTIFIER = aleApp1.aleApp1UITests;
				PRODUCT_NAME = "$(TARGET_NAME)";
				SWIFT_VERSION = 3.0;
				TEST_TARGET_NAME = aleApp1;
			};
			name = Release;
		};
/* End XCBuildConfiguration section */

/* Begin XCConfigurationList section */
		21FB79481E7754A2002EA35E /* Build configuration list for PBXProject "aleApp1" */ = {
			isa = XCConfigurationList;
			buildConfigurations = (
				21FB79731E7754A2002EA35E /* Debug */,
				21FB79741E7754A2002EA35E /* Release */,
			);
			defaultConfigurationIsVisible = 0;
			defaultConfigurationName = Release;
		};
		21FB79751E7754A2002EA35E /* Build configuration list for PBXNativeTarget "aleApp1" */ = {
			isa = XCConfigurationList;
			buildConfigurations = (
				21FB79761E7754A2002EA35E /* Debug */,
				21FB79771E7754A2002EA35E /* Release */,
			);
			defaultConfigurationIsVisible = 0;
			defaultConfigurationName = Release;
		};
		21FB79781E7754A2002EA35E /* Build configuration list for PBXNativeTarget "aleApp1Tests" */ = {
			isa = XCConfigurationList;
			buildConfigurations = (
				21FB79791E7754A2002EA35E /* Debug */,
				21FB797A1E7754A2002EA35E /* Release */,
			);
			defaultConfigurationIsVisible = 0;
			defaultConfigurationName = Release;
		};
		21FB797B1E7754A2002EA35E /* Build configuration list for PBXNativeTarget "aleApp1UITests" */ = {
			isa = XCConfigurationList;
			buildConfigurations = (
				21FB797C1E7754A2002EA35E /* Debug */,
				21FB797D1E7754A2002EA35E /* Release */,
			);
			defaultConfigurationIsVisible = 0;
			defaultConfigurationName = Release;
		};
/* End XCConfigurationList section */
	};
	rootObject = 21FB79451E7754A2002EA35E /* Project object */;
}
